
Microsoft Visual Studio Solution File, Format Version 12.00
# Visual Studio 14
VisualStudioVersion = 14.0.25123.0
MinimumVisualStudioVersion = 10.0.40219.1
Project("{2150E333-8FDC-42A3-9474-1A3956D46DE8}") = "Solution Items", "Solution Items", "{84F054FC-42EB-4DF8-BA69-FE3AC9358B1D}"
	ProjectSection(SolutionItems) = preProject
		embed.txt = embed.txt
		OAuthController.txt = OAuthController.txt
		PBIController.txt = PBIController.txt
	EndProjectSection
EndProject
Global
	GlobalSection(SolutionProperties) = preSolution
		HideSolutionNode = FALSE
	EndGlobalSection
EndGlobal
